
Microsoft Visual Studio Solution File, Format Version 12.00
# Visual Studio 15
VisualStudioVersion = 15.0.28010.2048
MinimumVisualStudioVersion = 10.0.40219.1
Project("{FAE04EC0-301F-11D3-BF4B-00C04F79EFBC}") = "Intermediate", "Intermediate\Intermediate.csproj", "{5A65D9DA-F1F4-4EF8-8F3F-AB76F2B37CEA}"
EndProject
Project("{FAE04EC0-301F-11D3-BF4B-00C04F79EFBC}") = "Overirde", "Overirde\Overirde.csproj", "{B5BA67B4-9C35-42B8-8E46-E9AFE3760C34}"
EndProject
Project("{FAE04EC0-301F-11D3-BF4B-00C04F79EFBC}") = "AbstractClasses", "AbstractClasses\AbstractClasses.csproj", "{42691AFC-8667-4E52-A097-71672E2A0567}"
EndProject
Project("{FAE04EC0-301F-11D3-BF4B-00C04F79EFBC}") = "Interfaces", "Interfaces\Interfaces.csproj", "{0655C0A5-347C-495E-97AB-FA39BBD3335C}"
EndProject
Project("{FAE04EC0-301F-11D3-BF4B-00C04F79EFBC}") = "Testability", "Testability\Testability.csproj", "{5DCBE289-45BF-42B0-ABB6-41C364B0E599}"
EndProject
Project("{FAE04EC0-301F-11D3-BF4B-00C04F79EFBC}") = "Testability.UnitTests", "Testability.UnitTests\Testability.UnitTests.csproj", "{EA86EA54-AB44-4F1F-841C-7E4A99643375}"
EndProject
Project("{FAE04EC0-301F-11D3-BF4B-00C04F79EFBC}") = "Extensibility", "Extensibility\Extensibility.csproj", "{24C7CFAE-5977-4126-A900-F495C1E1F3CC}"
EndProject
Global
	GlobalSection(SolutionConfigurationPlatforms) = preSolution
		Debug|Any CPU = Debug|Any CPU
		Release|Any CPU = Release|Any CPU
	EndGlobalSection
	GlobalSection(ProjectConfigurationPlatforms) = postSolution
		{5A65D9DA-F1F4-4EF8-8F3F-AB76F2B37CEA}.Debug|Any CPU.ActiveCfg = Debug|Any CPU
		{5A65D9DA-F1F4-4EF8-8F3F-AB76F2B37CEA}.Debug|Any CPU.Build.0 = Debug|Any CPU
		{5A65D9DA-F1F4-4EF8-8F3F-AB76F2B37CEA}.Release|Any CPU.ActiveCfg = Release|Any CPU
		{5A65D9DA-F1F4-4EF8-8F3F-AB76F2B37CEA}.Release|Any CPU.Build.0 = Release|Any CPU
		{B5BA67B4-9C35-42B8-8E46-E9AFE3760C34}.Debug|Any CPU.ActiveCfg = Debug|Any CPU
		{B5BA67B4-9C35-42B8-8E46-E9AFE3760C34}.Debug|Any CPU.Build.0 = Debug|Any CPU
		{B5BA67B4-9C35-42B8-8E46-E9AFE3760C34}.Release|Any CPU.ActiveCfg = Release|Any CPU
		{B5BA67B4-9C35-42B8-8E46-E9AFE3760C34}.Release|Any CPU.Build.0 = Release|Any CPU
		{42691AFC-8667-4E52-A097-71672E2A0567}.Debug|Any CPU.ActiveCfg = Debug|Any CPU
		{42691AFC-8667-4E52-A097-71672E2A0567}.Debug|Any CPU.Build.0 = Debug|Any CPU
		{42691AFC-8667-4E52-A097-71672E2A0567}.Release|Any CPU.ActiveCfg = Release|Any CPU
		{42691AFC-8667-4E52-A097-71672E2A0567}.Release|Any CPU.Build.0 = Release|Any CPU
		{0655C0A5-347C-495E-97AB-FA39BBD3335C}.Debug|Any CPU.ActiveCfg = Debug|Any CPU
		{0655C0A5-347C-495E-97AB-FA39BBD3335C}.Debug|Any CPU.Build.0 = Debug|Any CPU
		{0655C0A5-347C-495E-97AB-FA39BBD3335C}.Release|Any CPU.ActiveCfg = Release|Any CPU
		{0655C0A5-347C-495E-97AB-FA39BBD3335C}.Release|Any CPU.Build.0 = Release|Any CPU
		{5DCBE289-45BF-42B0-ABB6-41C364B0E599}.Debug|Any CPU.ActiveCfg = Debug|Any CPU
		{5DCBE289-45BF-42B0-ABB6-41C364B0E599}.Debug|Any CPU.Build.0 = Debug|Any CPU
		{5DCBE289-45BF-42B0-ABB6-41C364B0E599}.Release|Any CPU.ActiveCfg = Release|Any CPU
		{5DCBE289-45BF-42B0-ABB6-41C364B0E599}.Release|Any CPU.Build.0 = Release|Any CPU
		{EA86EA54-AB44-4F1F-841C-7E4A99643375}.Debug|Any CPU.ActiveCfg = Debug|Any CPU
		{EA86EA54-AB44-4F1F-841C-7E4A99643375}.Debug|Any CPU.Build.0 = Debug|Any CPU
		{EA86EA54-AB44-4F1F-841C-7E4A99643375}.Release|Any CPU.ActiveCfg = Release|Any CPU
		{EA86EA54-AB44-4F1F-841C-7E4A99643375}.Release|Any CPU.Build.0 = Release|Any CPU
		{24C7CFAE-5977-4126-A900-F495C1E1F3CC}.Debug|Any CPU.ActiveCfg = Debug|Any CPU
		{24C7CFAE-5977-4126-A900-F495C1E1F3CC}.Debug|Any CPU.Build.0 = Debug|Any CPU
		{24C7CFAE-5977-4126-A900-F495C1E1F3CC}.Release|Any CPU.ActiveCfg = Release|Any CPU
		{24C7CFAE-5977-4126-A900-F495C1E1F3CC}.Release|Any CPU.Build.0 = Release|Any CPU
	EndGlobalSection
	GlobalSection(SolutionProperties) = preSolution
		HideSolutionNode = FALSE
	EndGlobalSection
	GlobalSection(ExtensibilityGlobals) = postSolution
		SolutionGuid = {8133F6FF-AC27-4762-AA68-F78F89634EB8}
	EndGlobalSection
EndGlobal
